
Microsoft Visual Studio Solution File, Format Version 12.00
# Visual Studio Version 16
VisualStudioVersion = 16.0.31515.178
MinimumVisualStudioVersion = 10.0.40219.1
Project("{FAE04EC0-301F-11D3-BF4B-00C04F79EFBC}") = "Kolokwium", "Kolokwium\Kolokwium.csproj", "{4D1B28AD-F9DA-47FF-92B7-019D76D8B5EF}"
EndProject
Global
	GlobalSection(SolutionConfigurationPlatforms) = preSolution
		Debug|Any CPU = Debug|Any CPU
		Release|Any CPU = Release|Any CPU
	EndGlobalSection
	GlobalSection(ProjectConfigurationPlatforms) = postSolution
		{4D1B28AD-F9DA-47FF-92B7-019D76D8B5EF}.Debug|Any CPU.ActiveCfg = Debug|Any CPU
		{4D1B28AD-F9DA-47FF-92B7-019D76D8B5EF}.Debug|Any CPU.Build.0 = Debug|Any CPU
		{4D1B28AD-F9DA-47FF-92B7-019D76D8B5EF}.Release|Any CPU.ActiveCfg = Release|Any CPU
		{4D1B28AD-F9DA-47FF-92B7-019D76D8B5EF}.Release|Any CPU.Build.0 = Release|Any CPU
	EndGlobalSection
	GlobalSection(SolutionProperties) = preSolution
		HideSolutionNode = FALSE
	EndGlobalSection
	GlobalSection(ExtensibilityGlobals) = postSolution
		SolutionGuid = {125598F7-32C7-40EF-AE74-63EB8E649701}
	EndGlobalSection
EndGlobal
